
Microsoft Visual Studio Solution File, Format Version 12.00
# Visual Studio Version 17
VisualStudioVersion = 17.3.32922.545
MinimumVisualStudioVersion = 10.0.40219.1
Project("{9A19103F-16F7-4668-BE54-9A1E7A4F7556}") = "01-AbstractFactory", "design-patterns\01-AbstractFactory.csproj", "{45A5586F-9EE4-47B3-B59F-F47BD650414D}"
EndProject
Project("{2150E333-8FDC-42A3-9474-1A3956D46DE8}") = "01 Creacionales", "01 Creacionales", "{E2F7E09E-C400-4D92-AED9-83B357CD4A31}"
EndProject
Project("{2150E333-8FDC-42A3-9474-1A3956D46DE8}") = "02 Estructurales", "02 Estructurales", "{392C4E85-6C3A-4FFA-A0C0-33DD76C00658}"
EndProject
Project("{2150E333-8FDC-42A3-9474-1A3956D46DE8}") = "03 Comportamiento", "03 Comportamiento", "{6776020A-B3CE-4DF1-9B6F-8C2A6E1B114C}"
EndProject
Project("{9A19103F-16F7-4668-BE54-9A1E7A4F7556}") = "02-Builder", "02-Builder\02-Builder.csproj", "{B82FBFBF-3657-4EAF-A117-79D02D87C52D}"
EndProject
Project("{9A19103F-16F7-4668-BE54-9A1E7A4F7556}") = "03-FactoryMethod", "03-FactoryMethod\03-FactoryMethod.csproj", "{BB230B04-A0B8-4C45-BF24-59A7FD4E9C4C}"
EndProject
Project("{9A19103F-16F7-4668-BE54-9A1E7A4F7556}") = "04-Prototype", "04-Prototype\04-Prototype.csproj", "{FAFC77B4-2A17-4310-8D89-B4D4476BA34F}"
EndProject
Project("{9A19103F-16F7-4668-BE54-9A1E7A4F7556}") = "05-Singleton", "05-Singleton\05-Singleton.csproj", "{DC6A5137-9152-45B9-A7A8-16CF4E00E9E5}"
EndProject
Project("{9A19103F-16F7-4668-BE54-9A1E7A4F7556}") = "06-Adapter", "06-Adapter\06-Adapter.csproj", "{5797C514-4B4C-4BCC-B7C8-9E698EEA01FB}"
EndProject
Project("{9A19103F-16F7-4668-BE54-9A1E7A4F7556}") = "07-Bridge", "07-Bridge\07-Bridge.csproj", "{59CD4E5C-A478-46B5-BE1D-C8BA8B422775}"
EndProject
Project("{9A19103F-16F7-4668-BE54-9A1E7A4F7556}") = "08-Composite", "08-Composite\08-Composite.csproj", "{53845480-54BD-4C00-B398-F8271D8C422A}"
EndProject
Project("{9A19103F-16F7-4668-BE54-9A1E7A4F7556}") = "09-Facade", "09-Facade\09-Facade.csproj", "{E5C53ADF-D61F-4A5E-9C6B-1860AF0273AD}"
EndProject
Project("{9A19103F-16F7-4668-BE54-9A1E7A4F7556}") = "10-Flyweight", "09-Flyweight\10-Flyweight.csproj", "{4651DD17-E5AF-471B-937D-647DA44203A8}"
EndProject
Project("{9A19103F-16F7-4668-BE54-9A1E7A4F7556}") = "11-Proxy", "10-Proxy\11-Proxy.csproj", "{DE3E5B55-FFBE-4672-B450-608F6A6EDF30}"
EndProject
Project("{9A19103F-16F7-4668-BE54-9A1E7A4F7556}") = "12-Decorator", "11-Decorator\12-Decorator.csproj", "{534DD11D-6E42-4FEB-8F27-965A106BB29E}"
EndProject
Project("{9A19103F-16F7-4668-BE54-9A1E7A4F7556}") = "13-ChainOfResponsability", "12-ChainOfResponsability\13-ChainOfResponsability.csproj", "{F39F4A00-A705-4AEF-B13B-63BAC1544CB3}"
EndProject
Project("{9A19103F-16F7-4668-BE54-9A1E7A4F7556}") = "14-Command", "13-Command\14-Command.csproj", "{83603721-A605-40C0-BEF6-260E2DEE246E}"
EndProject
Project("{9A19103F-16F7-4668-BE54-9A1E7A4F7556}") = "15-Interpreter", "14-Interpreter\15-Interpreter.csproj", "{560D3EBD-0697-4A69-A2BA-85EFA1D095EF}"
EndProject
Project("{9A19103F-16F7-4668-BE54-9A1E7A4F7556}") = "16-Iterator", "15-Iterator\16-Iterator.csproj", "{B22275C8-50FD-41B1-8A28-4FC217015854}"
EndProject
Project("{9A19103F-16F7-4668-BE54-9A1E7A4F7556}") = "17-Mediator", "16-Mediator\17-Mediator.csproj", "{8D2D8E41-0F47-4BF4-ADD2-47522D23A879}"
EndProject
Project("{9A19103F-16F7-4668-BE54-9A1E7A4F7556}") = "18-Memento", "17-Memento\18-Memento.csproj", "{2C792ACF-9A14-4B57-A2FF-23E2A48F3FBF}"
EndProject
Project("{9A19103F-16F7-4668-BE54-9A1E7A4F7556}") = "19-Observer", "18-Observer\19-Observer.csproj", "{8F2500B1-D2BD-4757-A270-C70A63EC5AB2}"
EndProject
Project("{9A19103F-16F7-4668-BE54-9A1E7A4F7556}") = "20-State", "19-State\20-State.csproj", "{73B561B1-0155-4DD6-90E4-E1F846421AFB}"
EndProject
Project("{9A19103F-16F7-4668-BE54-9A1E7A4F7556}") = "21-Strategy", "20-Strategy\21-Strategy.csproj", "{949CE152-12A7-4A5B-A60D-9D38E012F276}"
EndProject
Project("{9A19103F-16F7-4668-BE54-9A1E7A4F7556}") = "22-TemplateMethod", "22-TemplateMethod\22-TemplateMethod.csproj", "{76F02E42-C2D5-4EB0-8D96-81EC4D137384}"
EndProject
Project("{9A19103F-16F7-4668-BE54-9A1E7A4F7556}") = "23-Visitor", "23-Visitor\23-Visitor.csproj", "{EFE9DC74-E6C6-4E6A-A8D0-0E8D37A9E93F}"
EndProject
Global
	GlobalSection(SolutionConfigurationPlatforms) = preSolution
		Debug|Any CPU = Debug|Any CPU
		Release|Any CPU = Release|Any CPU
	EndGlobalSection
	GlobalSection(ProjectConfigurationPlatforms) = postSolution
		{45A5586F-9EE4-47B3-B59F-F47BD650414D}.Debug|Any CPU.ActiveCfg = Debug|Any CPU
		{45A5586F-9EE4-47B3-B59F-F47BD650414D}.Debug|Any CPU.Build.0 = Debug|Any CPU
		{45A5586F-9EE4-47B3-B59F-F47BD650414D}.Release|Any CPU.ActiveCfg = Release|Any CPU
		{45A5586F-9EE4-47B3-B59F-F47BD650414D}.Release|Any CPU.Build.0 = Release|Any CPU
		{B82FBFBF-3657-4EAF-A117-79D02D87C52D}.Debug|Any CPU.ActiveCfg = Debug|Any CPU
		{B82FBFBF-3657-4EAF-A117-79D02D87C52D}.Debug|Any CPU.Build.0 = Debug|Any CPU
		{B82FBFBF-3657-4EAF-A117-79D02D87C52D}.Release|Any CPU.ActiveCfg = Release|Any CPU
		{B82FBFBF-3657-4EAF-A117-79D02D87C52D}.Release|Any CPU.Build.0 = Release|Any CPU
		{BB230B04-A0B8-4C45-BF24-59A7FD4E9C4C}.Debug|Any CPU.ActiveCfg = Debug|Any CPU
		{BB230B04-A0B8-4C45-BF24-59A7FD4E9C4C}.Debug|Any CPU.Build.0 = Debug|Any CPU
		{BB230B04-A0B8-4C45-BF24-59A7FD4E9C4C}.Release|Any CPU.ActiveCfg = Release|Any CPU
		{BB230B04-A0B8-4C45-BF24-59A7FD4E9C4C}.Release|Any CPU.Build.0 = Release|Any CPU
		{FAFC77B4-2A17-4310-8D89-B4D4476BA34F}.Debug|Any CPU.ActiveCfg = Debug|Any CPU
		{FAFC77B4-2A17-4310-8D89-B4D4476BA34F}.Debug|Any CPU.Build.0 = Debug|Any CPU
		{FAFC77B4-2A17-4310-8D89-B4D4476BA34F}.Release|Any CPU.ActiveCfg = Release|Any CPU
		{FAFC77B4-2A17-4310-8D89-B4D4476BA34F}.Release|Any CPU.Build.0 = Release|Any CPU
		{DC6A5137-9152-45B9-A7A8-16CF4E00E9E5}.Debug|Any CPU.ActiveCfg = Debug|Any CPU
		{DC6A5137-9152-45B9-A7A8-16CF4E00E9E5}.Debug|Any CPU.Build.0 = Debug|Any CPU
		{DC6A5137-9152-45B9-A7A8-16CF4E00E9E5}.Release|Any CPU.ActiveCfg = Release|Any CPU
		{DC6A5137-9152-45B9-A7A8-16CF4E00E9E5}.Release|Any CPU.Build.0 = Release|Any CPU
		{5797C514-4B4C-4BCC-B7C8-9E698EEA01FB}.Debug|Any CPU.ActiveCfg = Debug|Any CPU
		{5797C514-4B4C-4BCC-B7C8-9E698EEA01FB}.Debug|Any CPU.Build.0 = Debug|Any CPU
		{5797C514-4B4C-4BCC-B7C8-9E698EEA01FB}.Release|Any CPU.ActiveCfg = Release|Any CPU
		{5797C514-4B4C-4BCC-B7C8-9E698EEA01FB}.Release|Any CPU.Build.0 = Release|Any CPU
		{59CD4E5C-A478-46B5-BE1D-C8BA8B422775}.Debug|Any CPU.ActiveCfg = Debug|Any CPU
		{59CD4E5C-A478-46B5-BE1D-C8BA8B422775}.Debug|Any CPU.Build.0 = Debug|Any CPU
		{59CD4E5C-A478-46B5-BE1D-C8BA8B422775}.Release|Any CPU.ActiveCfg = Release|Any CPU
		{59CD4E5C-A478-46B5-BE1D-C8BA8B422775}.Release|Any CPU.Build.0 = Release|Any CPU
		{53845480-54BD-4C00-B398-F8271D8C422A}.Debug|Any CPU.ActiveCfg = Debug|Any CPU
		{53845480-54BD-4C00-B398-F8271D8C422A}.Debug|Any CPU.Build.0 = Debug|Any CPU
		{53845480-54BD-4C00-B398-F8271D8C422A}.Release|Any CPU.ActiveCfg = Release|Any CPU
		{53845480-54BD-4C00-B398-F8271D8C422A}.Release|Any CPU.Build.0 = Release|Any CPU
		{E5C53ADF-D61F-4A5E-9C6B-1860AF0273AD}.Debug|Any CPU.ActiveCfg = Debug|Any CPU
		{E5C53ADF-D61F-4A5E-9C6B-1860AF0273AD}.Debug|Any CPU.Build.0 = Debug|Any CPU
		{E5C53ADF-D61F-4A5E-9C6B-1860AF0273AD}.Release|Any CPU.ActiveCfg = Release|Any CPU
		{E5C53ADF-D61F-4A5E-9C6B-1860AF0273AD}.Release|Any CPU.Build.0 = Release|Any CPU
		{4651DD17-E5AF-471B-937D-647DA44203A8}.Debug|Any CPU.ActiveCfg = Debug|Any CPU
		{4651DD17-E5AF-471B-937D-647DA44203A8}.Debug|Any CPU.Build.0 = Debug|Any CPU
		{4651DD17-E5AF-471B-937D-647DA44203A8}.Release|Any CPU.ActiveCfg = Release|Any CPU
		{4651DD17-E5AF-471B-937D-647DA44203A8}.Release|Any CPU.Build.0 = Release|Any CPU
		{DE3E5B55-FFBE-4672-B450-608F6A6EDF30}.Debug|Any CPU.ActiveCfg = Debug|Any CPU
		{DE3E5B55-FFBE-4672-B450-608F6A6EDF30}.Debug|Any CPU.Build.0 = Debug|Any CPU
		{DE3E5B55-FFBE-4672-B450-608F6A6EDF30}.Release|Any CPU.ActiveCfg = Release|Any CPU
		{DE3E5B55-FFBE-4672-B450-608F6A6EDF30}.Release|Any CPU.Build.0 = Release|Any CPU
		{534DD11D-6E42-4FEB-8F27-965A106BB29E}.Debug|Any CPU.ActiveCfg = Debug|Any CPU
		{534DD11D-6E42-4FEB-8F27-965A106BB29E}.Debug|Any CPU.Build.0 = Debug|Any CPU
		{534DD11D-6E42-4FEB-8F27-965A106BB29E}.Release|Any CPU.ActiveCfg = Release|Any CPU
		{534DD11D-6E42-4FEB-8F27-965A106BB29E}.Release|Any CPU.Build.0 = Release|Any CPU
		{F39F4A00-A705-4AEF-B13B-63BAC1544CB3}.Debug|Any CPU.ActiveCfg = Debug|Any CPU
		{F39F4A00-A705-4AEF-B13B-63BAC1544CB3}.Debug|Any CPU.Build.0 = Debug|Any CPU
		{F39F4A00-A705-4AEF-B13B-63BAC1544CB3}.Release|Any CPU.ActiveCfg = Release|Any CPU
		{F39F4A00-A705-4AEF-B13B-63BAC1544CB3}.Release|Any CPU.Build.0 = Release|Any CPU
		{83603721-A605-40C0-BEF6-260E2DEE246E}.Debug|Any CPU.ActiveCfg = Debug|Any CPU
		{83603721-A605-40C0-BEF6-260E2DEE246E}.Debug|Any CPU.Build.0 = Debug|Any CPU
		{83603721-A605-40C0-BEF6-260E2DEE246E}.Release|Any CPU.ActiveCfg = Release|Any CPU
		{83603721-A605-40C0-BEF6-260E2DEE246E}.Release|Any CPU.Build.0 = Release|Any CPU
		{560D3EBD-0697-4A69-A2BA-85EFA1D095EF}.Debug|Any CPU.ActiveCfg = Debug|Any CPU
		{560D3EBD-0697-4A69-A2BA-85EFA1D095EF}.Debug|Any CPU.Build.0 = Debug|Any CPU
		{560D3EBD-0697-4A69-A2BA-85EFA1D095EF}.Release|Any CPU.ActiveCfg = Release|Any CPU
		{560D3EBD-0697-4A69-A2BA-85EFA1D095EF}.Release|Any CPU.Build.0 = Release|Any CPU
		{B22275C8-50FD-41B1-8A28-4FC217015854}.Debug|Any CPU.ActiveCfg = Debug|Any CPU
		{B22275C8-50FD-41B1-8A28-4FC217015854}.Debug|Any CPU.Build.0 = Debug|Any CPU
		{B22275C8-50FD-41B1-8A28-4FC217015854}.Release|Any CPU.ActiveCfg = Release|Any CPU
		{B22275C8-50FD-41B1-8A28-4FC217015854}.Release|Any CPU.Build.0 = Release|Any CPU
		{8D2D8E41-0F47-4BF4-ADD2-47522D23A879}.Debug|Any CPU.ActiveCfg = Debug|Any CPU
		{8D2D8E41-0F47-4BF4-ADD2-47522D23A879}.Debug|Any CPU.Build.0 = Debug|Any CPU
		{8D2D8E41-0F47-4BF4-ADD2-47522D23A879}.Release|Any CPU.ActiveCfg = Release|Any CPU
		{8D2D8E41-0F47-4BF4-ADD2-47522D23A879}.Release|Any CPU.Build.0 = Release|Any CPU
		{2C792ACF-9A14-4B57-A2FF-23E2A48F3FBF}.Debug|Any CPU.ActiveCfg = Debug|Any CPU
		{2C792ACF-9A14-4B57-A2FF-23E2A48F3FBF}.Debug|Any CPU.Build.0 = Debug|Any CPU
		{2C792ACF-9A14-4B57-A2FF-23E2A48F3FBF}.Release|Any CPU.ActiveCfg = Release|Any CPU
		{2C792ACF-9A14-4B57-A2FF-23E2A48F3FBF}.Release|Any CPU.Build.0 = Release|Any CPU
		{8F2500B1-D2BD-4757-A270-C70A63EC5AB2}.Debug|Any CPU.ActiveCfg = Debug|Any CPU
		{8F2500B1-D2BD-4757-A270-C70A63EC5AB2}.Debug|Any CPU.Build.0 = Debug|Any CPU
		{8F2500B1-D2BD-4757-A270-C70A63EC5AB2}.Release|Any CPU.ActiveCfg = Release|Any CPU
		{8F2500B1-D2BD-4757-A270-C70A63EC5AB2}.Release|Any CPU.Build.0 = Release|Any CPU
		{73B561B1-0155-4DD6-90E4-E1F846421AFB}.Debug|Any CPU.ActiveCfg = Debug|Any CPU
		{73B561B1-0155-4DD6-90E4-E1F846421AFB}.Debug|Any CPU.Build.0 = Debug|Any CPU
		{73B561B1-0155-4DD6-90E4-E1F846421AFB}.Release|Any CPU.ActiveCfg = Release|Any CPU
		{73B561B1-0155-4DD6-90E4-E1F846421AFB}.Release|Any CPU.Build.0 = Release|Any CPU
		{949CE152-12A7-4A5B-A60D-9D38E012F276}.Debug|Any CPU.ActiveCfg = Debug|Any CPU
		{949CE152-12A7-4A5B-A60D-9D38E012F276}.Debug|Any CPU.Build.0 = Debug|Any CPU
		{949CE152-12A7-4A5B-A60D-9D38E012F276}.Release|Any CPU.ActiveCfg = Release|Any CPU
		{949CE152-12A7-4A5B-A60D-9D38E012F276}.Release|Any CPU.Build.0 = Release|Any CPU
		{76F02E42-C2D5-4EB0-8D96-81EC4D137384}.Debug|Any CPU.ActiveCfg = Debug|Any CPU
		{76F02E42-C2D5-4EB0-8D96-81EC4D137384}.Debug|Any CPU.Build.0 = Debug|Any CPU
		{76F02E42-C2D5-4EB0-8D96-81EC4D137384}.Release|Any CPU.ActiveCfg = Release|Any CPU
		{76F02E42-C2D5-4EB0-8D96-81EC4D137384}.Release|Any CPU.Build.0 = Release|Any CPU
		{EFE9DC74-E6C6-4E6A-A8D0-0E8D37A9E93F}.Debug|Any CPU.ActiveCfg = Debug|Any CPU
		{EFE9DC74-E6C6-4E6A-A8D0-0E8D37A9E93F}.Debug|Any CPU.Build.0 = Debug|Any CPU
		{EFE9DC74-E6C6-4E6A-A8D0-0E8D37A9E93F}.Release|Any CPU.ActiveCfg = Release|Any CPU
		{EFE9DC74-E6C6-4E6A-A8D0-0E8D37A9E93F}.Release|Any CPU.Build.0 = Release|Any CPU
	EndGlobalSection
	GlobalSection(SolutionProperties) = preSolution
		HideSolutionNode = FALSE
	EndGlobalSection
	GlobalSection(NestedProjects) = preSolution
		{45A5586F-9EE4-47B3-B59F-F47BD650414D} = {E2F7E09E-C400-4D92-AED9-83B357CD4A31}
		{B82FBFBF-3657-4EAF-A117-79D02D87C52D} = {E2F7E09E-C400-4D92-AED9-83B357CD4A31}
		{BB230B04-A0B8-4C45-BF24-59A7FD4E9C4C} = {E2F7E09E-C400-4D92-AED9-83B357CD4A31}
		{FAFC77B4-2A17-4310-8D89-B4D4476BA34F} = {E2F7E09E-C400-4D92-AED9-83B357CD4A31}
		{DC6A5137-9152-45B9-A7A8-16CF4E00E9E5} = {E2F7E09E-C400-4D92-AED9-83B357CD4A31}
		{5797C514-4B4C-4BCC-B7C8-9E698EEA01FB} = {392C4E85-6C3A-4FFA-A0C0-33DD76C00658}
		{59CD4E5C-A478-46B5-BE1D-C8BA8B422775} = {392C4E85-6C3A-4FFA-A0C0-33DD76C00658}
		{53845480-54BD-4C00-B398-F8271D8C422A} = {392C4E85-6C3A-4FFA-A0C0-33DD76C00658}
		{E5C53ADF-D61F-4A5E-9C6B-1860AF0273AD} = {392C4E85-6C3A-4FFA-A0C0-33DD76C00658}
		{4651DD17-E5AF-471B-937D-647DA44203A8} = {392C4E85-6C3A-4FFA-A0C0-33DD76C00658}
		{DE3E5B55-FFBE-4672-B450-608F6A6EDF30} = {392C4E85-6C3A-4FFA-A0C0-33DD76C00658}
		{534DD11D-6E42-4FEB-8F27-965A106BB29E} = {392C4E85-6C3A-4FFA-A0C0-33DD76C00658}
		{F39F4A00-A705-4AEF-B13B-63BAC1544CB3} = {6776020A-B3CE-4DF1-9B6F-8C2A6E1B114C}
		{83603721-A605-40C0-BEF6-260E2DEE246E} = {6776020A-B3CE-4DF1-9B6F-8C2A6E1B114C}
		{560D3EBD-0697-4A69-A2BA-85EFA1D095EF} = {6776020A-B3CE-4DF1-9B6F-8C2A6E1B114C}
		{B22275C8-50FD-41B1-8A28-4FC217015854} = {6776020A-B3CE-4DF1-9B6F-8C2A6E1B114C}
		{8D2D8E41-0F47-4BF4-ADD2-47522D23A879} = {6776020A-B3CE-4DF1-9B6F-8C2A6E1B114C}
		{2C792ACF-9A14-4B57-A2FF-23E2A48F3FBF} = {6776020A-B3CE-4DF1-9B6F-8C2A6E1B114C}
		{8F2500B1-D2BD-4757-A270-C70A63EC5AB2} = {6776020A-B3CE-4DF1-9B6F-8C2A6E1B114C}
		{73B561B1-0155-4DD6-90E4-E1F846421AFB} = {6776020A-B3CE-4DF1-9B6F-8C2A6E1B114C}
		{949CE152-12A7-4A5B-A60D-9D38E012F276} = {6776020A-B3CE-4DF1-9B6F-8C2A6E1B114C}
		{76F02E42-C2D5-4EB0-8D96-81EC4D137384} = {6776020A-B3CE-4DF1-9B6F-8C2A6E1B114C}
		{EFE9DC74-E6C6-4E6A-A8D0-0E8D37A9E93F} = {6776020A-B3CE-4DF1-9B6F-8C2A6E1B114C}
	EndGlobalSection
	GlobalSection(ExtensibilityGlobals) = postSolution
		SolutionGuid = {E142C08F-19CD-4C82-A320-DBBF79E6EA85}
	EndGlobalSection
EndGlobal
